{
  "version": 4,
  "terraform_version": "1.2.6",
  "serial": 254,
  "lineage": "f94ed025-5c07-fc81-3d6e-d76dd4eb926a",
  "outputs": {},
  "resources": [
    {
      "module": "module.s3-static-website",
      "mode": "managed",
      "type": "aws_acm_certificate_validation",
      "name": "cert_validation",
      "provider": "provider[\"registry.terraform.io/hashicorp/aws\"].acm_provider",
      "instances": []
    },
    {
      "module": "module.s3-static-website",
      "mode": "managed",
      "type": "aws_cloudfront_origin_access_identity",
      "name": "cf_oai",
      "provider": "provider[\"registry.terraform.io/hashicorp/aws\"].main",
      "instances": [
        {
          "schema_version": 0,
          "attributes": {
            "caller_reference": "terraform-20220811084301952600000001",
            "cloudfront_access_identity_path": "origin-access-identity/cloudfront/E3EEN3KEEF4XHU",
            "comment": "OAI to restrict access to AWS S3 content",
            "etag": "EUZ96A5V08RB4",
            "iam_arn": "arn:aws:iam::cloudfront:user/CloudFront Origin Access Identity E3EEN3KEEF4XHU",
            "id": "E3EEN3KEEF4XHU",
            "s3_canonical_user_id": "9e35d92f83b6cbd8e235cae52798f241423c6086f50ce29e93133be17f357caf2f60343c404e56e5083c345990ec4895"
          },
          "sensitive_attributes": [],
          "private": "bnVsbA=="
        }
      ]
    },
    {
      "module": "module.s3-static-website",
      "mode": "managed",
      "type": "aws_route53_record",
      "name": "website_cloudfront_record",
      "provider": "provider[\"registry.terraform.io/hashicorp/aws\"].main",
      "instances": []
    },
    {
      "module": "module.s3-static-website",
      "mode": "managed",
      "type": "aws_route53_record",
      "name": "www_website_record",
      "provider": "provider[\"registry.terraform.io/hashicorp/aws\"].main",
      "instances": []
    },
    {
      "module": "module.s3-static-website",
      "mode": "managed",
      "type": "aws_route53_zone",
      "name": "hosted_zone",
      "provider": "provider[\"registry.terraform.io/hashicorp/aws\"].main",
      "instances": []
    },
    {
      "module": "module.s3-static-website",
      "mode": "managed",
      "type": "aws_s3_bucket",
      "name": "website",
      "provider": "provider[\"registry.terraform.io/hashicorp/aws\"].main",
      "instances": [
        {
          "schema_version": 0,
          "attributes": {
            "acceleration_status": "",
            "acl": null,
            "arn": "arn:aws:s3:::muslimentrepreneurs.space",
            "bucket": "muslimentrepreneurs.space",
            "bucket_domain_name": "muslimentrepreneurs.space.s3.amazonaws.com",
            "bucket_prefix": null,
            "bucket_regional_domain_name": "muslimentrepreneurs.space.s3.ap-south-1.amazonaws.com",
            "cors_rule": [],
            "force_destroy": false,
            "grant": [
              {
                "id": "2a4bc019604ac4dc44d028b3864f81fd43b7aee43788d7493b4527e421112250",
                "permissions": [
                  "FULL_CONTROL"
                ],
                "type": "CanonicalUser",
                "uri": ""
              }
            ],
            "hosted_zone_id": "Z11RGJOFQNVJUP",
            "id": "muslimentrepreneurs.space",
            "lifecycle_rule": [],
            "logging": [],
            "object_lock_configuration": [],
            "object_lock_enabled": false,
            "policy": "",
            "region": "ap-south-1",
            "replication_configuration": [],
            "request_payer": "BucketOwner",
            "server_side_encryption_configuration": [],
            "tags": {
              "Name": "s3-website--website"
            },
            "tags_all": {
              "Name": "s3-website--website"
            },
            "timeouts": null,
            "versioning": [
              {
                "enabled": false,
                "mfa_delete": false
              }
            ],
            "website": [],
            "website_domain": null,
            "website_endpoint": null
          },
          "sensitive_attributes": [],
          "private": "eyJlMmJmYjczMC1lY2FhLTExZTYtOGY4OC0zNDM2M2JjN2M0YzAiOnsiY3JlYXRlIjoxMjAwMDAwMDAwMDAwLCJkZWxldGUiOjM2MDAwMDAwMDAwMDAsInJlYWQiOjEyMDAwMDAwMDAwMDAsInVwZGF0ZSI6MTIwMDAwMDAwMDAwMH19"
        }
      ]
    },
    {
      "module": "module.s3-static-website",
      "mode": "managed",
      "type": "aws_s3_bucket_acl",
      "name": "website",
      "provider": "provider[\"registry.terraform.io/hashicorp/aws\"].main",
      "instances": [
        {
          "schema_version": 0,
          "attributes": {
            "access_control_policy": [
              {
                "grant": [
                  {
                    "grantee": [
                      {
                        "display_name": "",
                        "email_address": "",
                        "id": "2a4bc019604ac4dc44d028b3864f81fd43b7aee43788d7493b4527e421112250",
                        "type": "CanonicalUser",
                        "uri": ""
                      }
                    ],
                    "permission": "FULL_CONTROL"
                  }
                ],
                "owner": [
                  {
                    "display_name": "",
                    "id": "2a4bc019604ac4dc44d028b3864f81fd43b7aee43788d7493b4527e421112250"
                  }
                ]
              }
            ],
            "acl": "private",
            "bucket": "muslimentrepreneurs.space",
            "expected_bucket_owner": "",
            "id": "muslimentrepreneurs.space,private"
          },
          "sensitive_attributes": [],
          "private": "bnVsbA==",
          "dependencies": [
            "module.s3-static-website.aws_s3_bucket.website"
          ]
        }
      ]
    },
    {
      "module": "module.s3-static-website",
      "mode": "managed",
      "type": "aws_s3_bucket_cors_configuration",
      "name": "website",
      "provider": "provider[\"registry.terraform.io/hashicorp/aws\"].main",
      "instances": [
        {
          "schema_version": 0,
          "attributes": {
            "bucket": "muslimentrepreneurs.space",
            "cors_rule": [
              {
                "allowed_headers": [
                  "Authorization",
                  "Content-Length"
                ],
                "allowed_methods": [
                  "GET",
                  "POST"
                ],
                "allowed_origins": [
                  "http://muslimentrepreneurs.space",
                  "https://muslimentrepreneurs.space"
                ],
                "expose_headers": [],
                "id": "",
                "max_age_seconds": 3600
              }
            ],
            "expected_bucket_owner": "",
            "id": "muslimentrepreneurs.space"
          },
          "sensitive_attributes": [],
          "private": "bnVsbA==",
          "dependencies": [
            "module.s3-static-website.aws_s3_bucket.website"
          ]
        }
      ]
    },
    {
      "module": "module.s3-static-website",
      "mode": "managed",
      "type": "aws_s3_bucket_logging",
      "name": "website",
      "provider": "provider[\"registry.terraform.io/hashicorp/aws\"].main",
      "instances": [
        {
          "schema_version": 0,
          "attributes": {
            "bucket": "muslimentrepreneurs.space",
            "expected_bucket_owner": "",
            "id": "muslimentrepreneurs.space",
            "target_bucket": "s3-website--log-bucket-logs-gnpnrnk",
            "target_grant": [],
            "target_prefix": "website/"
          },
          "sensitive_attributes": [],
          "private": "bnVsbA==",
          "dependencies": [
            "module.s3-static-website.aws_s3_bucket.website",
            "module.s3-static-website.module.s3_logs_bucket.aws_s3_bucket.logs",
            "module.s3-static-website.module.s3_logs_bucket.random_string.random"
          ]
        }
      ]
    },
    {
      "module": "module.s3-static-website",
      "mode": "managed",
      "type": "aws_s3_bucket_policy",
      "name": "website",
      "provider": "provider[\"registry.terraform.io/hashicorp/aws\"].main",
      "instances": [
        {
          "schema_version": 0,
          "attributes": {
            "bucket": "muslimentrepreneurs.space",
            "id": "muslimentrepreneurs.space",
            "policy": "{\n    \"Version\": \"2012-10-17\",\n    \"Statement\": [\n        {\n            \"Sid\": \"OAIAccessOnly\",\n            \"Effect\": \"Allow\",\n            \"Principal\": {\n                \"AWS\": \"arn:aws:iam::cloudfront:user/CloudFront Origin Access Identity E3EEN3KEEF4XHU\"\n            },\n            \"Action\": \"s3:GetObject\",\n            \"Resource\": \"arn:aws:s3:::muslimentrepreneurs.space/*\"\n        }\n    ]\n}\n"
          },
          "sensitive_attributes": [],
          "private": "bnVsbA==",
          "dependencies": [
            "module.s3-static-website.aws_cloudfront_origin_access_identity.cf_oai",
            "module.s3-static-website.aws_s3_bucket.website"
          ]
        }
      ]
    },
    {
      "module": "module.s3-static-website",
      "mode": "managed",
      "type": "aws_s3_bucket_public_access_block",
      "name": "website_bucket_public_access_block",
      "provider": "provider[\"registry.terraform.io/hashicorp/aws\"].main",
      "instances": [
        {
          "schema_version": 0,
          "attributes": {
            "block_public_acls": true,
            "block_public_policy": true,
            "bucket": "muslimentrepreneurs.space",
            "id": "muslimentrepreneurs.space",
            "ignore_public_acls": true,
            "restrict_public_buckets": true
          },
          "sensitive_attributes": [],
          "private": "bnVsbA==",
          "dependencies": [
            "module.s3-static-website.aws_s3_bucket.website"
          ]
        }
      ]
    },
    {
      "module": "module.s3-static-website",
      "mode": "managed",
      "type": "aws_s3_bucket_versioning",
      "name": "website",
      "provider": "provider[\"registry.terraform.io/hashicorp/aws\"].main",
      "instances": [
        {
          "schema_version": 0,
          "attributes": {
            "bucket": "muslimentrepreneurs.space",
            "expected_bucket_owner": "",
            "id": "muslimentrepreneurs.space",
            "mfa": null,
            "versioning_configuration": [
              {
                "mfa_delete": "Disabled",
                "status": "Enabled"
              }
            ]
          },
          "sensitive_attributes": [],
          "private": "bnVsbA==",
          "dependencies": [
            "module.s3-static-website.aws_s3_bucket.website"
          ]
        }
      ]
    },
    {
      "module": "module.s3-static-website",
      "mode": "managed",
      "type": "aws_s3_bucket_website_configuration",
      "name": "website",
      "provider": "provider[\"registry.terraform.io/hashicorp/aws\"].main",
      "instances": [
        {
          "schema_version": 0,
          "attributes": {
            "bucket": "muslimentrepreneurs.space",
            "error_document": [
              {
                "key": "404.html"
              }
            ],
            "expected_bucket_owner": "",
            "id": "muslimentrepreneurs.space",
            "index_document": [
              {
                "suffix": "index.html"
              }
            ],
            "redirect_all_requests_to": [],
            "routing_rule": [],
            "routing_rules": "",
            "website_domain": "s3-website.ap-south-1.amazonaws.com",
            "website_endpoint": "muslimentrepreneurs.space.s3-website.ap-south-1.amazonaws.com"
          },
          "sensitive_attributes": [],
          "private": "bnVsbA==",
          "dependencies": [
            "module.s3-static-website.aws_s3_bucket.website"
          ]
        }
      ]
    },
    {
      "module": "module.s3-static-website.module.s3_logs_bucket",
      "mode": "data",
      "type": "aws_caller_identity",
      "name": "current",
      "provider": "provider[\"registry.terraform.io/hashicorp/aws\"].main",
      "instances": [
        {
          "schema_version": 0,
          "attributes": {
            "account_id": "742270938451",
            "arn": "arn:aws:iam::742270938451:user/s3_static_website_creator",
            "id": "742270938451",
            "user_id": "AIDA2ZUWLVVJ7UBQDD433"
          },
          "sensitive_attributes": []
        }
      ]
    },
    {
      "module": "module.s3-static-website.module.s3_logs_bucket",
      "mode": "data",
      "type": "aws_iam_policy_document",
      "name": "logs_access_policy_document",
      "provider": "provider[\"registry.terraform.io/hashicorp/aws\"].main",
      "instances": [
        {
          "schema_version": 0,
          "attributes": {
            "id": "2201918029",
            "json": "{\n  \"Version\": \"2012-10-17\",\n  \"Statement\": [\n    {\n      \"Sid\": \"\",\n      \"Effect\": \"Allow\",\n      \"Action\": \"s3:PutObject\",\n      \"Resource\": \"arn:aws:s3:::s3-website--log-bucket-logs-gnpnrnk/*\",\n      \"Principal\": {\n        \"AWS\": \"742270938451\"\n      }\n    },\n    {\n      \"Sid\": \"\",\n      \"Effect\": \"Allow\",\n      \"Action\": \"s3:GetBucketAcl\",\n      \"Resource\": \"arn:aws:s3:::s3-website--log-bucket-logs-gnpnrnk\",\n      \"Principal\": {\n        \"Service\": \"logdelivery.elb.amazonaws.com\"\n      }\n    }\n  ]\n}",
            "override_json": null,
            "override_policy_documents": null,
            "policy_id": null,
            "source_json": null,
            "source_policy_documents": null,
            "statement": [
              {
                "actions": [
                  "s3:PutObject"
                ],
                "condition": [],
                "effect": "Allow",
                "not_actions": [],
                "not_principals": [],
                "not_resources": [],
                "principals": [
                  {
                    "identifiers": [
                      "742270938451"
                    ],
                    "type": "AWS"
                  }
                ],
                "resources": [
                  "arn:aws:s3:::s3-website--log-bucket-logs-gnpnrnk/*"
                ],
                "sid": ""
              },
              {
                "actions": [
                  "s3:GetBucketAcl"
                ],
                "condition": [],
                "effect": "Allow",
                "not_actions": [],
                "not_principals": [],
                "not_resources": [],
                "principals": [
                  {
                    "identifiers": [
                      "logdelivery.elb.amazonaws.com"
                    ],
                    "type": "Service"
                  }
                ],
                "resources": [
                  "arn:aws:s3:::s3-website--log-bucket-logs-gnpnrnk"
                ],
                "sid": ""
              }
            ],
            "version": "2012-10-17"
          },
          "sensitive_attributes": []
        }
      ]
    },
    {
      "module": "module.s3-static-website.module.s3_logs_bucket",
      "mode": "managed",
      "type": "aws_s3_bucket",
      "name": "logs",
      "provider": "provider[\"registry.terraform.io/hashicorp/aws\"].main",
      "instances": [
        {
          "schema_version": 0,
          "attributes": {
            "acceleration_status": "",
            "acl": null,
            "arn": "arn:aws:s3:::s3-website--log-bucket-logs-gnpnrnk",
            "bucket": "s3-website--log-bucket-logs-gnpnrnk",
            "bucket_domain_name": "s3-website--log-bucket-logs-gnpnrnk.s3.amazonaws.com",
            "bucket_prefix": null,
            "bucket_regional_domain_name": "s3-website--log-bucket-logs-gnpnrnk.s3.ap-south-1.amazonaws.com",
            "cors_rule": [],
            "force_destroy": false,
            "grant": [
              {
                "id": "2a4bc019604ac4dc44d028b3864f81fd43b7aee43788d7493b4527e421112250",
                "permissions": [
                  "FULL_CONTROL"
                ],
                "type": "CanonicalUser",
                "uri": ""
              }
            ],
            "hosted_zone_id": "Z11RGJOFQNVJUP",
            "id": "s3-website--log-bucket-logs-gnpnrnk",
            "lifecycle_rule": [],
            "logging": [],
            "object_lock_configuration": [],
            "object_lock_enabled": false,
            "policy": "",
            "region": "ap-south-1",
            "replication_configuration": [],
            "request_payer": "BucketOwner",
            "server_side_encryption_configuration": [],
            "tags": {
              "Name": "s3-website--log-bucket-logs-gnpnrnk"
            },
            "tags_all": {
              "Name": "s3-website--log-bucket-logs-gnpnrnk"
            },
            "timeouts": null,
            "versioning": [
              {
                "enabled": false,
                "mfa_delete": false
              }
            ],
            "website": [],
            "website_domain": null,
            "website_endpoint": null
          },
          "sensitive_attributes": [],
          "private": "eyJlMmJmYjczMC1lY2FhLTExZTYtOGY4OC0zNDM2M2JjN2M0YzAiOnsiY3JlYXRlIjoxMjAwMDAwMDAwMDAwLCJkZWxldGUiOjM2MDAwMDAwMDAwMDAsInJlYWQiOjEyMDAwMDAwMDAwMDAsInVwZGF0ZSI6MTIwMDAwMDAwMDAwMH19",
          "dependencies": [
            "module.s3-static-website.module.s3_logs_bucket.random_string.random"
          ]
        }
      ]
    },
    {
      "module": "module.s3-static-website.module.s3_logs_bucket",
      "mode": "managed",
      "type": "aws_s3_bucket_acl",
      "name": "logs",
      "provider": "provider[\"registry.terraform.io/hashicorp/aws\"].main",
      "instances": [
        {
          "schema_version": 0,
          "attributes": {
            "access_control_policy": [
              {
                "grant": [
                  {
                    "grantee": [
                      {
                        "display_name": "",
                        "email_address": "",
                        "id": "",
                        "type": "Group",
                        "uri": "http://acs.amazonaws.com/groups/s3/LogDelivery"
                      }
                    ],
                    "permission": "READ_ACP"
                  },
                  {
                    "grantee": [
                      {
                        "display_name": "",
                        "email_address": "",
                        "id": "",
                        "type": "Group",
                        "uri": "http://acs.amazonaws.com/groups/s3/LogDelivery"
                      }
                    ],
                    "permission": "WRITE"
                  },
                  {
                    "grantee": [
                      {
                        "display_name": "",
                        "email_address": "",
                        "id": "2a4bc019604ac4dc44d028b3864f81fd43b7aee43788d7493b4527e421112250",
                        "type": "CanonicalUser",
                        "uri": ""
                      }
                    ],
                    "permission": "FULL_CONTROL"
                  }
                ],
                "owner": [
                  {
                    "display_name": "",
                    "id": "2a4bc019604ac4dc44d028b3864f81fd43b7aee43788d7493b4527e421112250"
                  }
                ]
              }
            ],
            "acl": "log-delivery-write",
            "bucket": "s3-website--log-bucket-logs-gnpnrnk",
            "expected_bucket_owner": "",
            "id": "s3-website--log-bucket-logs-gnpnrnk,log-delivery-write"
          },
          "sensitive_attributes": [],
          "private": "bnVsbA==",
          "dependencies": [
            "module.s3-static-website.module.s3_logs_bucket.aws_s3_bucket.logs",
            "module.s3-static-website.module.s3_logs_bucket.random_string.random"
          ]
        }
      ]
    },
    {
      "module": "module.s3-static-website.module.s3_logs_bucket",
      "mode": "managed",
      "type": "aws_s3_bucket_policy",
      "name": "logs_access_policy",
      "provider": "provider[\"registry.terraform.io/hashicorp/aws\"].main",
      "instances": [
        {
          "schema_version": 0,
          "attributes": {
            "bucket": "s3-website--log-bucket-logs-gnpnrnk",
            "id": "s3-website--log-bucket-logs-gnpnrnk",
            "policy": "{\n  \"Version\": \"2012-10-17\",\n  \"Statement\": [\n    {\n      \"Sid\": \"\",\n      \"Effect\": \"Allow\",\n      \"Action\": \"s3:PutObject\",\n      \"Resource\": \"arn:aws:s3:::s3-website--log-bucket-logs-gnpnrnk/*\",\n      \"Principal\": {\n        \"AWS\": \"742270938451\"\n      }\n    },\n    {\n      \"Sid\": \"\",\n      \"Effect\": \"Allow\",\n      \"Action\": \"s3:GetBucketAcl\",\n      \"Resource\": \"arn:aws:s3:::s3-website--log-bucket-logs-gnpnrnk\",\n      \"Principal\": {\n        \"Service\": \"logdelivery.elb.amazonaws.com\"\n      }\n    }\n  ]\n}"
          },
          "sensitive_attributes": [],
          "private": "bnVsbA==",
          "dependencies": [
            "module.s3-static-website.module.s3_logs_bucket.aws_s3_bucket.logs",
            "module.s3-static-website.module.s3_logs_bucket.data.aws_caller_identity.current",
            "module.s3-static-website.module.s3_logs_bucket.data.aws_iam_policy_document.logs_access_policy_document",
            "module.s3-static-website.module.s3_logs_bucket.random_string.random"
          ]
        }
      ]
    },
    {
      "module": "module.s3-static-website.module.s3_logs_bucket",
      "mode": "managed",
      "type": "aws_s3_bucket_public_access_block",
      "name": "logs_block_public_access",
      "provider": "provider[\"registry.terraform.io/hashicorp/aws\"].main",
      "instances": [
        {
          "index_key": 0,
          "schema_version": 0,
          "attributes": {
            "block_public_acls": true,
            "block_public_policy": true,
            "bucket": "s3-website--log-bucket-logs-gnpnrnk",
            "id": "s3-website--log-bucket-logs-gnpnrnk",
            "ignore_public_acls": true,
            "restrict_public_buckets": true
          },
          "sensitive_attributes": [],
          "private": "bnVsbA==",
          "dependencies": [
            "module.s3-static-website.module.s3_logs_bucket.aws_s3_bucket.logs",
            "module.s3-static-website.module.s3_logs_bucket.aws_s3_bucket_policy.logs_access_policy",
            "module.s3-static-website.module.s3_logs_bucket.data.aws_caller_identity.current",
            "module.s3-static-website.module.s3_logs_bucket.data.aws_iam_policy_document.logs_access_policy_document",
            "module.s3-static-website.module.s3_logs_bucket.random_string.random"
          ]
        }
      ]
    },
    {
      "module": "module.s3-static-website.module.s3_logs_bucket",
      "mode": "managed",
      "type": "aws_s3_bucket_server_side_encryption_configuration",
      "name": "logs",
      "provider": "provider[\"registry.terraform.io/hashicorp/aws\"].main",
      "instances": [
        {
          "index_key": 0,
          "schema_version": 0,
          "attributes": {
            "bucket": "s3-website--log-bucket-logs-gnpnrnk",
            "expected_bucket_owner": "",
            "id": "s3-website--log-bucket-logs-gnpnrnk",
            "rule": [
              {
                "apply_server_side_encryption_by_default": [
                  {
                    "kms_master_key_id": "",
                    "sse_algorithm": "AES256"
                  }
                ],
                "bucket_key_enabled": null
              }
            ]
          },
          "sensitive_attributes": [],
          "private": "bnVsbA==",
          "dependencies": [
            "module.s3-static-website.module.s3_logs_bucket.aws_s3_bucket.logs",
            "module.s3-static-website.module.s3_logs_bucket.random_string.random"
          ]
        }
      ]
    },
    {
      "module": "module.s3-static-website.module.s3_logs_bucket",
      "mode": "managed",
      "type": "random_string",
      "name": "random",
      "provider": "provider[\"registry.terraform.io/hashicorp/random\"]",
      "instances": [
        {
          "schema_version": 2,
          "attributes": {
            "id": "gnpnrnk",
            "keepers": {
              "name_prefix": "s3-website--log-bucket"
            },
            "length": 7,
            "lower": true,
            "min_lower": 0,
            "min_numeric": 0,
            "min_special": 0,
            "min_upper": 0,
            "number": false,
            "numeric": false,
            "override_special": null,
            "result": "gnpnrnk",
            "special": false,
            "upper": false
          },
          "sensitive_attributes": [],
          "private": "eyJzY2hlbWFfdmVyc2lvbiI6IjIifQ=="
        }
      ]
    }
  ]
}
